
Microsoft Visual Studio Solution File, Format Version 12.00
# Visual Studio Version 16
VisualStudioVersion = 16.0.29009.5
MinimumVisualStudioVersion = 10.0.40219.1
Project("{FAE04EC0-301F-11D3-BF4B-00C04F79EFBC}") = "GitHubAPITests", "GitHubAPITests\GitHubAPITests.csproj", "{4A7148AB-2212-4393-A176-BD516A4AFF3A}"
EndProject
Global
	GlobalSection(SolutionConfigurationPlatforms) = preSolution
		Debug|Any CPU = Debug|Any CPU
		Release|Any CPU = Release|Any CPU
	EndGlobalSection
	GlobalSection(ProjectConfigurationPlatforms) = postSolution
		{4A7148AB-2212-4393-A176-BD516A4AFF3A}.Debug|Any CPU.ActiveCfg = Debug|Any CPU
		{4A7148AB-2212-4393-A176-BD516A4AFF3A}.Debug|Any CPU.Build.0 = Debug|Any CPU
		{4A7148AB-2212-4393-A176-BD516A4AFF3A}.Release|Any CPU.ActiveCfg = Release|Any CPU
		{4A7148AB-2212-4393-A176-BD516A4AFF3A}.Release|Any CPU.Build.0 = Release|Any CPU
	EndGlobalSection
	GlobalSection(SolutionProperties) = preSolution
		HideSolutionNode = FALSE
	EndGlobalSection
	GlobalSection(ExtensibilityGlobals) = postSolution
		SolutionGuid = {767D2FD4-867B-4B46-98AE-3E33901E6DE1}
	EndGlobalSection
EndGlobal
